
Microsoft Visual Studio Solution File, Format Version 12.00
# Visual Studio Version 17
VisualStudioVersion = 17.3.32825.248
MinimumVisualStudioVersion = 10.0.40219.1
Project("{FAE04EC0-301F-11D3-BF4B-00C04F79EFBC}") = "AmmantoolaLab2", "AmmantoolaLab2\AmmantoolaLab2.csproj", "{789F8C27-6F52-43CA-8525-195C4271D979}"
EndProject
Global
	GlobalSection(SolutionConfigurationPlatforms) = preSolution
		Debug|Any CPU = Debug|Any CPU
		Release|Any CPU = Release|Any CPU
	EndGlobalSection
	GlobalSection(ProjectConfigurationPlatforms) = postSolution
		{789F8C27-6F52-43CA-8525-195C4271D979}.Debug|Any CPU.ActiveCfg = Debug|Any CPU
		{789F8C27-6F52-43CA-8525-195C4271D979}.Debug|Any CPU.Build.0 = Debug|Any CPU
		{789F8C27-6F52-43CA-8525-195C4271D979}.Release|Any CPU.ActiveCfg = Release|Any CPU
		{789F8C27-6F52-43CA-8525-195C4271D979}.Release|Any CPU.Build.0 = Release|Any CPU
	EndGlobalSection
	GlobalSection(SolutionProperties) = preSolution
		HideSolutionNode = FALSE
	EndGlobalSection
	GlobalSection(ExtensibilityGlobals) = postSolution
		SolutionGuid = {E7629885-2E3C-468C-B88F-866EB346BEE6}
	EndGlobalSection
EndGlobal
